{
  "name": "NeuroStock-Forecast",
  "lockfileVersion": 2,
  "requires": true,
  "packages": {
    "": {
      "dependencies": {
        "csv-parse": "^5.5.5",
        "yfinance": "^0.0.6"
      }
    },
    "node_modules/csv-parse": {
      "version": "5.5.5",
      "resolved": "https://registry.npmjs.org/csv-parse/-/csv-parse-5.5.5.tgz",
      "integrity": "sha512-erCk7tyU3yLWAhk6wvKxnyPtftuy/6Ak622gOO7BCJ05+TYffnPCJF905wmOQm+BpkX54OdAl8pveJwUdpnCXQ=="
    },
    "node_modules/yfinance": {
      "version": "0.0.6",
      "resolved": "https://registry.npmjs.org/yfinance/-/yfinance-0.0.6.tgz",
      "integrity": "sha512-EcJrrcX+ZCpbhouGO6s5y7XRUHGBwFY19PKtUJ17vg1L0dSK2N59Ns0A/ZfLtpWC8WatWjen6gE+KW51bxthsA=="
    }
  },
  "dependencies": {
    "csv-parse": {
      "version": "5.5.5",
      "resolved": "https://registry.npmjs.org/csv-parse/-/csv-parse-5.5.5.tgz",
      "integrity": "sha512-erCk7tyU3yLWAhk6wvKxnyPtftuy/6Ak622gOO7BCJ05+TYffnPCJF905wmOQm+BpkX54OdAl8pveJwUdpnCXQ=="
    },
    "yfinance": {
      "version": "0.0.6",
      "resolved": "https://registry.npmjs.org/yfinance/-/yfinance-0.0.6.tgz",
      "integrity": "sha512-EcJrrcX+ZCpbhouGO6s5y7XRUHGBwFY19PKtUJ17vg1L0dSK2N59Ns0A/ZfLtpWC8WatWjen6gE+KW51bxthsA=="
    }
  }
}
